
Microsoft Visual Studio Solution File, Format Version 12.00
# Visual Studio Version 16
VisualStudioVersion = 16.0.29613.14
MinimumVisualStudioVersion = 10.0.40219.1
Project("{FAE04EC0-301F-11D3-BF4B-00C04F79EFBC}") = "DXApplicationXCode", "DXApplicationXCode.csproj", "{C1A4108A-AFE0-4454-B2C3-014EBD744CC8}"
EndProject
Project("{FAE04EC0-301F-11D3-BF4B-00C04F79EFBC}") = "XCode", "..\..\..\Source\Repos\X_NET40\XCode\XCode.csproj", "{B49ABA5A-C5DA-45F4-87F1-B435EC51D710}"
EndProject
Project("{FAE04EC0-301F-11D3-BF4B-00C04F79EFBC}") = "NewLife.Core", "..\..\..\Source\Repos\X_NET40\NewLife.Core\NewLife.Core.csproj", "{5813C22E-EEB3-4DEE-A45C-BB218041193A}"
EndProject
Global
	GlobalSection(SolutionConfigurationPlatforms) = preSolution
		Debug|Any CPU = Debug|Any CPU
		Release|Any CPU = Release|Any CPU
	EndGlobalSection
	GlobalSection(ProjectConfigurationPlatforms) = postSolution
		{C1A4108A-AFE0-4454-B2C3-014EBD744CC8}.Debug|Any CPU.ActiveCfg = Debug|Any CPU
		{C1A4108A-AFE0-4454-B2C3-014EBD744CC8}.Debug|Any CPU.Build.0 = Debug|Any CPU
		{C1A4108A-AFE0-4454-B2C3-014EBD744CC8}.Release|Any CPU.ActiveCfg = Release|Any CPU
		{C1A4108A-AFE0-4454-B2C3-014EBD744CC8}.Release|Any CPU.Build.0 = Release|Any CPU
		{B49ABA5A-C5DA-45F4-87F1-B435EC51D710}.Debug|Any CPU.ActiveCfg = Debug|Any CPU
		{B49ABA5A-C5DA-45F4-87F1-B435EC51D710}.Debug|Any CPU.Build.0 = Debug|Any CPU
		{B49ABA5A-C5DA-45F4-87F1-B435EC51D710}.Release|Any CPU.ActiveCfg = Release|Any CPU
		{B49ABA5A-C5DA-45F4-87F1-B435EC51D710}.Release|Any CPU.Build.0 = Release|Any CPU
		{5813C22E-EEB3-4DEE-A45C-BB218041193A}.Debug|Any CPU.ActiveCfg = Debug|Any CPU
		{5813C22E-EEB3-4DEE-A45C-BB218041193A}.Debug|Any CPU.Build.0 = Debug|Any CPU
		{5813C22E-EEB3-4DEE-A45C-BB218041193A}.Release|Any CPU.ActiveCfg = Release|Any CPU
		{5813C22E-EEB3-4DEE-A45C-BB218041193A}.Release|Any CPU.Build.0 = Release|Any CPU
	EndGlobalSection
	GlobalSection(SolutionProperties) = preSolution
		HideSolutionNode = FALSE
	EndGlobalSection
	GlobalSection(ExtensibilityGlobals) = postSolution
		SolutionGuid = {B3EF6AB4-311A-4602-B6D7-95D21FA8F9B0}
	EndGlobalSection
EndGlobal
